
Microsoft Visual Studio Solution File, Format Version 12.00
# Visual Studio Version 18
VisualStudioVersion = 18.6.11822.322
MinimumVisualStudioVersion = 10.0.40219.1
Project("{FAE04EC0-301F-11D3-BF4B-00C04F79EFBC}") = "Edemly.Server", "Edemly.Server\Edemly.Server.csproj", "{F6A68122-2AB4-4B9E-8638-225A9300D950}"
EndProject
Project("{2150E333-8FDC-42A3-9474-1A3956D46DE8}") = "Solution Items", "Solution Items", "{8EC462FD-D22E-90A8-E5CE-7E832BA40C5D}"
	ProjectSection(SolutionItems) = preProject
		.gitattributes = .gitattributes
		.gitignore = .gitignore
		README.md = README.md
	EndProjectSection
EndProject
Project("{FAE04EC0-301F-11D3-BF4B-00C04F79EFBC}") = "Edemly.Client", "Edemly.Client\Edemly.Client.csproj", "{C2CFFDA7-D4E2-1B92-6AE1-26C53483BB3B}"
EndProject
Project("{FAE04EC0-301F-11D3-BF4B-00C04F79EFBC}") = "Edemly.Server.Tests", "Edemly.Server.Tests\Edemly.Server.Tests.csproj", "{9B2210BC-3C4B-408A-80DE-99C43C8E13E4}"
EndProject
Project("{FAE04EC0-301F-11D3-BF4B-00C04F79EFBC}") = "Edemly.Client.Tests", "Edemly.Client.Tests\Edemly.Client.Tests.csproj", "{3D9AB89B-B755-4C1A-9F62-9C9C1840D494}"
EndProject
Global
	GlobalSection(SolutionConfigurationPlatforms) = preSolution
		Debug|Any CPU = Debug|Any CPU
		Debug|x64 = Debug|x64
		Debug|x86 = Debug|x86
		Release|Any CPU = Release|Any CPU
		Release|x64 = Release|x64
		Release|x86 = Release|x86
	EndGlobalSection
	GlobalSection(ProjectConfigurationPlatforms) = postSolution
		{F6A68122-2AB4-4B9E-8638-225A9300D950}.Debug|Any CPU.ActiveCfg = Debug|Any CPU
		{F6A68122-2AB4-4B9E-8638-225A9300D950}.Debug|Any CPU.Build.0 = Debug|Any CPU
		{F6A68122-2AB4-4B9E-8638-225A9300D950}.Debug|x64.ActiveCfg = Debug|Any CPU
		{F6A68122-2AB4-4B9E-8638-225A9300D950}.Debug|x64.Build.0 = Debug|Any CPU
		{F6A68122-2AB4-4B9E-8638-225A9300D950}.Debug|x86.ActiveCfg = Debug|Any CPU
		{F6A68122-2AB4-4B9E-8638-225A9300D950}.Debug|x86.Build.0 = Debug|Any CPU
		{F6A68122-2AB4-4B9E-8638-225A9300D950}.Release|Any CPU.ActiveCfg = Release|Any CPU
		{F6A68122-2AB4-4B9E-8638-225A9300D950}.Release|Any CPU.Build.0 = Release|Any CPU
		{F6A68122-2AB4-4B9E-8638-225A9300D950}.Release|x64.ActiveCfg = Release|Any CPU
		{F6A68122-2AB4-4B9E-8638-225A9300D950}.Release|x64.Build.0 = Release|Any CPU
		{F6A68122-2AB4-4B9E-8638-225A9300D950}.Release|x86.ActiveCfg = Release|Any CPU
		{F6A68122-2AB4-4B9E-8638-225A9300D950}.Release|x86.Build.0 = Release|Any CPU
		{C2CFFDA7-D4E2-1B92-6AE1-26C53483BB3B}.Debug|Any CPU.ActiveCfg = Debug|Any CPU
		{C2CFFDA7-D4E2-1B92-6AE1-26C53483BB3B}.Debug|Any CPU.Build.0 = Debug|Any CPU
		{C2CFFDA7-D4E2-1B92-6AE1-26C53483BB3B}.Debug|x64.ActiveCfg = Debug|Any CPU
		{C2CFFDA7-D4E2-1B92-6AE1-26C53483BB3B}.Debug|x64.Build.0 = Debug|Any CPU
		{C2CFFDA7-D4E2-1B92-6AE1-26C53483BB3B}.Debug|x86.ActiveCfg = Debug|Any CPU
		{C2CFFDA7-D4E2-1B92-6AE1-26C53483BB3B}.Debug|x86.Build.0 = Debug|Any CPU
		{C2CFFDA7-D4E2-1B92-6AE1-26C53483BB3B}.Release|Any CPU.ActiveCfg = Release|Any CPU
		{C2CFFDA7-D4E2-1B92-6AE1-26C53483BB3B}.Release|Any CPU.Build.0 = Release|Any CPU
		{C2CFFDA7-D4E2-1B92-6AE1-26C53483BB3B}.Release|x64.ActiveCfg = Release|Any CPU
		{C2CFFDA7-D4E2-1B92-6AE1-26C53483BB3B}.Release|x64.Build.0 = Release|Any CPU
		{C2CFFDA7-D4E2-1B92-6AE1-26C53483BB3B}.Release|x86.ActiveCfg = Release|Any CPU
		{C2CFFDA7-D4E2-1B92-6AE1-26C53483BB3B}.Release|x86.Build.0 = Release|Any CPU
		{9B2210BC-3C4B-408A-80DE-99C43C8E13E4}.Debug|Any CPU.ActiveCfg = Debug|Any CPU
		{9B2210BC-3C4B-408A-80DE-99C43C8E13E4}.Debug|Any CPU.Build.0 = Debug|Any CPU
		{9B2210BC-3C4B-408A-80DE-99C43C8E13E4}.Debug|x64.ActiveCfg = Debug|Any CPU
		{9B2210BC-3C4B-408A-80DE-99C43C8E13E4}.Debug|x64.Build.0 = Debug|Any CPU
		{9B2210BC-3C4B-408A-80DE-99C43C8E13E4}.Debug|x86.ActiveCfg = Debug|Any CPU
		{9B2210BC-3C4B-408A-80DE-99C43C8E13E4}.Debug|x86.Build.0 = Debug|Any CPU
		{9B2210BC-3C4B-408A-80DE-99C43C8E13E4}.Release|Any CPU.ActiveCfg = Release|Any CPU
		{9B2210BC-3C4B-408A-80DE-99C43C8E13E4}.Release|Any CPU.Build.0 = Release|Any CPU
		{9B2210BC-3C4B-408A-80DE-99C43C8E13E4}.Release|x64.ActiveCfg = Release|Any CPU
		{9B2210BC-3C4B-408A-80DE-99C43C8E13E4}.Release|x64.Build.0 = Release|Any CPU
		{9B2210BC-3C4B-408A-80DE-99C43C8E13E4}.Release|x86.ActiveCfg = Release|Any CPU
		{9B2210BC-3C4B-408A-80DE-99C43C8E13E4}.Release|x86.Build.0 = Release|Any CPU
		{3D9AB89B-B755-4C1A-9F62-9C9C1840D494}.Debug|Any CPU.ActiveCfg = Debug|Any CPU
		{3D9AB89B-B755-4C1A-9F62-9C9C1840D494}.Debug|Any CPU.Build.0 = Debug|Any CPU
		{3D9AB89B-B755-4C1A-9F62-9C9C1840D494}.Debug|x64.ActiveCfg = Debug|Any CPU
		{3D9AB89B-B755-4C1A-9F62-9C9C1840D494}.Debug|x64.Build.0 = Debug|Any CPU
		{3D9AB89B-B755-4C1A-9F62-9C9C1840D494}.Debug|x86.ActiveCfg = Debug|Any CPU
		{3D9AB89B-B755-4C1A-9F62-9C9C1840D494}.Debug|x86.Build.0 = Debug|Any CPU
		{3D9AB89B-B755-4C1A-9F62-9C9C1840D494}.Release|Any CPU.ActiveCfg = Release|Any CPU
		{3D9AB89B-B755-4C1A-9F62-9C9C1840D494}.Release|Any CPU.Build.0 = Release|Any CPU
		{3D9AB89B-B755-4C1A-9F62-9C9C1840D494}.Release|x64.ActiveCfg = Release|Any CPU
		{3D9AB89B-B755-4C1A-9F62-9C9C1840D494}.Release|x64.Build.0 = Release|Any CPU
		{3D9AB89B-B755-4C1A-9F62-9C9C1840D494}.Release|x86.ActiveCfg = Release|Any CPU
		{3D9AB89B-B755-4C1A-9F62-9C9C1840D494}.Release|x86.Build.0 = Release|Any CPU
	EndGlobalSection
	GlobalSection(SolutionProperties) = preSolution
		HideSolutionNode = FALSE
	EndGlobalSection
	GlobalSection(ExtensibilityGlobals) = postSolution
		SolutionGuid = {2CE83DCE-5ED2-471C-BD45-2F5280030689}
	EndGlobalSection
EndGlobal
