
Microsoft Visual Studio Solution File, Format Version 12.00
# Visual Studio Version 18
VisualStudioVersion = 18.6.11822.322
MinimumVisualStudioVersion = 10.0.40219.1
Project("{FAE04EC0-301F-11D3-BF4B-00C04F79EFBC}") = "Edemly.Server", "Edemly.Server\Edemly.Server.csproj", "{F6A68122-2AB4-4B9E-8638-225A9300D950}"
EndProject
Project("{2150E333-8FDC-42A3-9474-1A3956D46DE8}") = "Solution Items", "Solution Items", "{8EC462FD-D22E-90A8-E5CE-7E832BA40C5D}"
	ProjectSection(SolutionItems) = preProject
		.gitattributes = .gitattributes
		.gitignore = .gitignore
		README.md = README.md
	EndProjectSection
EndProject
Project("{FAE04EC0-301F-11D3-BF4B-00C04F79EFBC}") = "Edemly.Client", "Edemly.Client\Edemly.Client.csproj", "{C2CFFDA7-D4E2-1B92-6AE1-26C53483BB3B}"
EndProject
Project("{FAE04EC0-301F-11D3-BF4B-00C04F79EFBC}") = "Edemly.Server.Tests", "Edemly.Server.Tests\Edemly.Server.Tests.csproj", "{9B2210BC-3C4B-408A-80DE-99C43C8E13E4}"
EndProject
Project("{FAE04EC0-301F-11D3-BF4B-00C04F79EFBC}") = "Edemly.Client.Tests", "Edemly.Client.Tests\Edemly.Client.Tests.csproj", "{3D9AB89B-B755-4C1A-9F62-9C9C1840D494}"
EndProject
Project("{FAE04EC0-301F-11D3-BF4B-00C04F79EFBC}") = "Edemly.Contracts", "Edemly.Contracts\Edemly.Contracts.csproj", "{A022D636-C32C-44DC-B1D2-0E01F52257AA}"
EndProject
Project("{FAE04EC0-301F-11D3-BF4B-00C04F79EFBC}") = "Edemly.Gateway", "Edemly.Gateway\Edemly.Gateway.csproj", "{1282D602-7771-4024-80AF-E2F3AEB49B7B}"
EndProject
Project("{2150E333-8FDC-42A3-9474-1A3956D46DE8}") = "deployment", "deployment", "{C34CA7D2-ACAF-4180-98B0-2E870C547F24}"
EndProject
Project("{2150E333-8FDC-42A3-9474-1A3956D46DE8}") = "local", "local", "{C1B50ECA-AAE0-4577-BF95-95EA46FA6BE3}"
EndProject
Project("{2150E333-8FDC-42A3-9474-1A3956D46DE8}") = "gateway", "gateway", "{609BC815-168A-45AA-A8ED-3C3B860D5164}"
EndProject
Project("{2150E333-8FDC-42A3-9474-1A3956D46DE8}") = "static", "static", "{A9678689-8724-4AE5-893B-8D7AFCF6840B}"
EndProject
Project("{2150E333-8FDC-42A3-9474-1A3956D46DE8}") = "download", "download", "{D84D0878-9674-4032-84C5-CA6CAFD9D632}"
EndProject
Project("{2150E333-8FDC-42A3-9474-1A3956D46DE8}") = "updates", "updates", "{611F08D9-7997-426E-9753-94BDF112B3AE}"
EndProject
Project("{2150E333-8FDC-42A3-9474-1A3956D46DE8}") = "windows", "windows", "{85F7E626-F8A6-4BF7-8323-2EB55A5F0236}"
EndProject
Project("{2150E333-8FDC-42A3-9474-1A3956D46DE8}") = "stable", "stable", "{B2EADDAF-B6D8-422E-886A-A9E12D7CF370}"
EndProject
Global
	GlobalSection(SolutionConfigurationPlatforms) = preSolution
		Debug|Any CPU = Debug|Any CPU
		Debug|x64 = Debug|x64
		Debug|x86 = Debug|x86
		Release|Any CPU = Release|Any CPU
		Release|x64 = Release|x64
		Release|x86 = Release|x86
	EndGlobalSection
	GlobalSection(ProjectConfigurationPlatforms) = postSolution
		{F6A68122-2AB4-4B9E-8638-225A9300D950}.Debug|Any CPU.ActiveCfg = Debug|Any CPU
		{F6A68122-2AB4-4B9E-8638-225A9300D950}.Debug|Any CPU.Build.0 = Debug|Any CPU
		{F6A68122-2AB4-4B9E-8638-225A9300D950}.Debug|x64.ActiveCfg = Debug|Any CPU
		{F6A68122-2AB4-4B9E-8638-225A9300D950}.Debug|x64.Build.0 = Debug|Any CPU
		{F6A68122-2AB4-4B9E-8638-225A9300D950}.Debug|x86.ActiveCfg = Debug|Any CPU
		{F6A68122-2AB4-4B9E-8638-225A9300D950}.Debug|x86.Build.0 = Debug|Any CPU
		{F6A68122-2AB4-4B9E-8638-225A9300D950}.Release|Any CPU.ActiveCfg = Release|Any CPU
		{F6A68122-2AB4-4B9E-8638-225A9300D950}.Release|Any CPU.Build.0 = Release|Any CPU
		{F6A68122-2AB4-4B9E-8638-225A9300D950}.Release|x64.ActiveCfg = Release|Any CPU
		{F6A68122-2AB4-4B9E-8638-225A9300D950}.Release|x64.Build.0 = Release|Any CPU
		{F6A68122-2AB4-4B9E-8638-225A9300D950}.Release|x86.ActiveCfg = Release|Any CPU
		{F6A68122-2AB4-4B9E-8638-225A9300D950}.Release|x86.Build.0 = Release|Any CPU
		{C2CFFDA7-D4E2-1B92-6AE1-26C53483BB3B}.Debug|Any CPU.ActiveCfg = Debug|Any CPU
		{C2CFFDA7-D4E2-1B92-6AE1-26C53483BB3B}.Debug|Any CPU.Build.0 = Debug|Any CPU
		{C2CFFDA7-D4E2-1B92-6AE1-26C53483BB3B}.Debug|x64.ActiveCfg = Debug|Any CPU
		{C2CFFDA7-D4E2-1B92-6AE1-26C53483BB3B}.Debug|x64.Build.0 = Debug|Any CPU
		{C2CFFDA7-D4E2-1B92-6AE1-26C53483BB3B}.Debug|x86.ActiveCfg = Debug|Any CPU
		{C2CFFDA7-D4E2-1B92-6AE1-26C53483BB3B}.Debug|x86.Build.0 = Debug|Any CPU
		{C2CFFDA7-D4E2-1B92-6AE1-26C53483BB3B}.Release|Any CPU.ActiveCfg = Release|Any CPU
		{C2CFFDA7-D4E2-1B92-6AE1-26C53483BB3B}.Release|Any CPU.Build.0 = Release|Any CPU
		{C2CFFDA7-D4E2-1B92-6AE1-26C53483BB3B}.Release|x64.ActiveCfg = Release|Any CPU
		{C2CFFDA7-D4E2-1B92-6AE1-26C53483BB3B}.Release|x64.Build.0 = Release|Any CPU
		{C2CFFDA7-D4E2-1B92-6AE1-26C53483BB3B}.Release|x86.ActiveCfg = Release|Any CPU
		{C2CFFDA7-D4E2-1B92-6AE1-26C53483BB3B}.Release|x86.Build.0 = Release|Any CPU
		{9B2210BC-3C4B-408A-80DE-99C43C8E13E4}.Debug|Any CPU.ActiveCfg = Debug|Any CPU
		{9B2210BC-3C4B-408A-80DE-99C43C8E13E4}.Debug|Any CPU.Build.0 = Debug|Any CPU
		{9B2210BC-3C4B-408A-80DE-99C43C8E13E4}.Debug|x64.ActiveCfg = Debug|Any CPU
		{9B2210BC-3C4B-408A-80DE-99C43C8E13E4}.Debug|x64.Build.0 = Debug|Any CPU
		{9B2210BC-3C4B-408A-80DE-99C43C8E13E4}.Debug|x86.ActiveCfg = Debug|Any CPU
		{9B2210BC-3C4B-408A-80DE-99C43C8E13E4}.Debug|x86.Build.0 = Debug|Any CPU
		{9B2210BC-3C4B-408A-80DE-99C43C8E13E4}.Release|Any CPU.ActiveCfg = Release|Any CPU
		{9B2210BC-3C4B-408A-80DE-99C43C8E13E4}.Release|Any CPU.Build.0 = Release|Any CPU
		{9B2210BC-3C4B-408A-80DE-99C43C8E13E4}.Release|x64.ActiveCfg = Release|Any CPU
		{9B2210BC-3C4B-408A-80DE-99C43C8E13E4}.Release|x64.Build.0 = Release|Any CPU
		{9B2210BC-3C4B-408A-80DE-99C43C8E13E4}.Release|x86.ActiveCfg = Release|Any CPU
		{9B2210BC-3C4B-408A-80DE-99C43C8E13E4}.Release|x86.Build.0 = Release|Any CPU
		{3D9AB89B-B755-4C1A-9F62-9C9C1840D494}.Debug|Any CPU.ActiveCfg = Debug|Any CPU
		{3D9AB89B-B755-4C1A-9F62-9C9C1840D494}.Debug|Any CPU.Build.0 = Debug|Any CPU
		{3D9AB89B-B755-4C1A-9F62-9C9C1840D494}.Debug|x64.ActiveCfg = Debug|Any CPU
		{3D9AB89B-B755-4C1A-9F62-9C9C1840D494}.Debug|x64.Build.0 = Debug|Any CPU
		{3D9AB89B-B755-4C1A-9F62-9C9C1840D494}.Debug|x86.ActiveCfg = Debug|Any CPU
		{3D9AB89B-B755-4C1A-9F62-9C9C1840D494}.Debug|x86.Build.0 = Debug|Any CPU
		{3D9AB89B-B755-4C1A-9F62-9C9C1840D494}.Release|Any CPU.ActiveCfg = Release|Any CPU
		{3D9AB89B-B755-4C1A-9F62-9C9C1840D494}.Release|Any CPU.Build.0 = Release|Any CPU
		{3D9AB89B-B755-4C1A-9F62-9C9C1840D494}.Release|x64.ActiveCfg = Release|Any CPU
		{3D9AB89B-B755-4C1A-9F62-9C9C1840D494}.Release|x64.Build.0 = Release|Any CPU
		{3D9AB89B-B755-4C1A-9F62-9C9C1840D494}.Release|x86.ActiveCfg = Release|Any CPU
		{3D9AB89B-B755-4C1A-9F62-9C9C1840D494}.Release|x86.Build.0 = Release|Any CPU
		{A022D636-C32C-44DC-B1D2-0E01F52257AA}.Debug|Any CPU.ActiveCfg = Debug|Any CPU
		{A022D636-C32C-44DC-B1D2-0E01F52257AA}.Debug|Any CPU.Build.0 = Debug|Any CPU
		{A022D636-C32C-44DC-B1D2-0E01F52257AA}.Debug|x64.ActiveCfg = Debug|Any CPU
		{A022D636-C32C-44DC-B1D2-0E01F52257AA}.Debug|x64.Build.0 = Debug|Any CPU
		{A022D636-C32C-44DC-B1D2-0E01F52257AA}.Debug|x86.ActiveCfg = Debug|Any CPU
		{A022D636-C32C-44DC-B1D2-0E01F52257AA}.Debug|x86.Build.0 = Debug|Any CPU
		{A022D636-C32C-44DC-B1D2-0E01F52257AA}.Release|Any CPU.ActiveCfg = Release|Any CPU
		{A022D636-C32C-44DC-B1D2-0E01F52257AA}.Release|Any CPU.Build.0 = Release|Any CPU
		{A022D636-C32C-44DC-B1D2-0E01F52257AA}.Release|x64.ActiveCfg = Release|Any CPU
		{A022D636-C32C-44DC-B1D2-0E01F52257AA}.Release|x64.Build.0 = Release|Any CPU
		{A022D636-C32C-44DC-B1D2-0E01F52257AA}.Release|x86.ActiveCfg = Release|Any CPU
		{A022D636-C32C-44DC-B1D2-0E01F52257AA}.Release|x86.Build.0 = Release|Any CPU
		{1282D602-7771-4024-80AF-E2F3AEB49B7B}.Debug|Any CPU.ActiveCfg = Debug|Any CPU
		{1282D602-7771-4024-80AF-E2F3AEB49B7B}.Debug|Any CPU.Build.0 = Debug|Any CPU
		{1282D602-7771-4024-80AF-E2F3AEB49B7B}.Debug|x64.ActiveCfg = Debug|Any CPU
		{1282D602-7771-4024-80AF-E2F3AEB49B7B}.Debug|x64.Build.0 = Debug|Any CPU
		{1282D602-7771-4024-80AF-E2F3AEB49B7B}.Debug|x86.ActiveCfg = Debug|Any CPU
		{1282D602-7771-4024-80AF-E2F3AEB49B7B}.Debug|x86.Build.0 = Debug|Any CPU
		{1282D602-7771-4024-80AF-E2F3AEB49B7B}.Release|Any CPU.ActiveCfg = Release|Any CPU
		{1282D602-7771-4024-80AF-E2F3AEB49B7B}.Release|Any CPU.Build.0 = Release|Any CPU
		{1282D602-7771-4024-80AF-E2F3AEB49B7B}.Release|x64.ActiveCfg = Release|Any CPU
		{1282D602-7771-4024-80AF-E2F3AEB49B7B}.Release|x64.Build.0 = Release|Any CPU
		{1282D602-7771-4024-80AF-E2F3AEB49B7B}.Release|x86.ActiveCfg = Release|Any CPU
		{1282D602-7771-4024-80AF-E2F3AEB49B7B}.Release|x86.Build.0 = Release|Any CPU
	EndGlobalSection
	GlobalSection(SolutionProperties) = preSolution
		HideSolutionNode = FALSE
	EndGlobalSection
	GlobalSection(NestedProjects) = preSolution
		{C34CA7D2-ACAF-4180-98B0-2E870C547F24} = {8EC462FD-D22E-90A8-E5CE-7E832BA40C5D}
		{C1B50ECA-AAE0-4577-BF95-95EA46FA6BE3} = {C34CA7D2-ACAF-4180-98B0-2E870C547F24}
		{609BC815-168A-45AA-A8ED-3C3B860D5164} = {C1B50ECA-AAE0-4577-BF95-95EA46FA6BE3}
		{A9678689-8724-4AE5-893B-8D7AFCF6840B} = {C1B50ECA-AAE0-4577-BF95-95EA46FA6BE3}
		{D84D0878-9674-4032-84C5-CA6CAFD9D632} = {A9678689-8724-4AE5-893B-8D7AFCF6840B}
		{611F08D9-7997-426E-9753-94BDF112B3AE} = {A9678689-8724-4AE5-893B-8D7AFCF6840B}
		{85F7E626-F8A6-4BF7-8323-2EB55A5F0236} = {611F08D9-7997-426E-9753-94BDF112B3AE}
		{B2EADDAF-B6D8-422E-886A-A9E12D7CF370} = {85F7E626-F8A6-4BF7-8323-2EB55A5F0236}
	EndGlobalSection
	GlobalSection(ExtensibilityGlobals) = postSolution
		SolutionGuid = {2CE83DCE-5ED2-471C-BD45-2F5280030689}
	EndGlobalSection
EndGlobal
